
Microsoft Visual Studio Solution File, Format Version 12.00
# Visual Studio Version 17
VisualStudioVersion = 17.8.34330.188
MinimumVisualStudioVersion = 10.0.40219.1
Project("{9A19103F-16F7-4668-BE54-9A1E7A4F7556}") = "MRZ", "MRZ\MRZ.csproj", "{840AE3C3-01E0-4A58-808B-50AB6969A876}"
EndProject
Project("{9A19103F-16F7-4668-BE54-9A1E7A4F7556}") = "MRZ.Tests", "MRZ.Tests\MRZ.Tests.csproj", "{62D303CE-5814-4687-90B8-5053B4812EBC}"
EndProject
Global
	GlobalSection(SolutionConfigurationPlatforms) = preSolution
		Debug|Any CPU = Debug|Any CPU
		Release|Any CPU = Release|Any CPU
	EndGlobalSection
	GlobalSection(ProjectConfigurationPlatforms) = postSolution
		{840AE3C3-01E0-4A58-808B-50AB6969A876}.Debug|Any CPU.ActiveCfg = Debug|Any CPU
		{840AE3C3-01E0-4A58-808B-50AB6969A876}.Debug|Any CPU.Build.0 = Debug|Any CPU
		{840AE3C3-01E0-4A58-808B-50AB6969A876}.Release|Any CPU.ActiveCfg = Release|Any CPU
		{840AE3C3-01E0-4A58-808B-50AB6969A876}.Release|Any CPU.Build.0 = Release|Any CPU
		{62D303CE-5814-4687-90B8-5053B4812EBC}.Debug|Any CPU.ActiveCfg = Debug|Any CPU
		{62D303CE-5814-4687-90B8-5053B4812EBC}.Debug|Any CPU.Build.0 = Debug|Any CPU
		{62D303CE-5814-4687-90B8-5053B4812EBC}.Release|Any CPU.ActiveCfg = Release|Any CPU
		{62D303CE-5814-4687-90B8-5053B4812EBC}.Release|Any CPU.Build.0 = Release|Any CPU
	EndGlobalSection
	GlobalSection(SolutionProperties) = preSolution
		HideSolutionNode = FALSE
	EndGlobalSection
	GlobalSection(ExtensibilityGlobals) = postSolution
		SolutionGuid = {239CBF8D-62EC-426E-8706-357C0AE7D600}
	EndGlobalSection
EndGlobal
